// !$*UTF8*$!
{
	archiveVersion = 1;
	classes = {
	};
	objectVersion = 56;
	objects = {

/* Begin PBXBuildFile section */
		652B10862B1A5F4600E96C48 /* SwiftUI_MasterApp.swift in Sources */ = {isa = PBXBuildFile; fileRef = 652B10852B1A5F4600E96C48 /* SwiftUI_MasterApp.swift */; };
		652B10882B1A5F4600E96C48 /* ContentView.swift in Sources */ = {isa = PBXBuildFile; fileRef = 652B10872B1A5F4600E96C48 /* ContentView.swift */; };
		652B108A2B1A5F4900E96C48 /* Assets.xcassets in Resources */ = {isa = PBXBuildFile; fileRef = 652B10892B1A5F4900E96C48 /* Assets.xcassets */; };
		652B108D2B1A5F4900E96C48 /* Preview Assets.xcassets in Resources */ = {isa = PBXBuildFile; fileRef = 652B108C2B1A5F4900E96C48 /* Preview Assets.xcassets */; };
		652B10982B1A64C500E96C48 /* HighlightSwift in Frameworks */ = {isa = PBXBuildFile; productRef = 652B10972B1A64C400E96C48 /* HighlightSwift */; };
		652B109C2B1A797100E96C48 /* Constant.swift in Sources */ = {isa = PBXBuildFile; fileRef = 652B109B2B1A797100E96C48 /* Constant.swift */; };
		652B109E2B1A7C6100E96C48 /* TextView.swift in Sources */ = {isa = PBXBuildFile; fileRef = 652B109D2B1A7C6100E96C48 /* TextView.swift */; };
		652B10A22B1A7D4200E96C48 /* TabViewExample.swift in Sources */ = {isa = PBXBuildFile; fileRef = 652B10A12B1A7D4200E96C48 /* TabViewExample.swift */; };
		652B10A42B1A7D6900E96C48 /* Tab1.swift in Sources */ = {isa = PBXBuildFile; fileRef = 652B10A32B1A7D6900E96C48 /* Tab1.swift */; };
		652B10A62B1A7D8000E96C48 /* Tab2.swift in Sources */ = {isa = PBXBuildFile; fileRef = 652B10A52B1A7D8000E96C48 /* Tab2.swift */; };
		652B10A82B1A7D9A00E96C48 /* Page1.swift in Sources */ = {isa = PBXBuildFile; fileRef = 652B10A72B1A7D9A00E96C48 /* Page1.swift */; };
		652B10AA2B1A7DA700E96C48 /* Page2.swift in Sources */ = {isa = PBXBuildFile; fileRef = 652B10A92B1A7DA700E96C48 /* Page2.swift */; };
		652B10AD2B1A7E2000E96C48 /* TextFieldView.swift in Sources */ = {isa = PBXBuildFile; fileRef = 652B10AC2B1A7E2000E96C48 /* TextFieldView.swift */; };
		652B10AF2B1BA22100E96C48 /* UrlLink.swift in Sources */ = {isa = PBXBuildFile; fileRef = 652B10AE2B1BA22100E96C48 /* UrlLink.swift */; };
/* End PBXBuildFile section */

/* Begin PBXFileReference section */
		652B10822B1A5F4600E96C48 /* SwiftUI Master.app */ = {isa = PBXFileReference; explicitFileType = wrapper.application; includeInIndex = 0; path = "SwiftUI Master.app"; sourceTree = BUILT_PRODUCTS_DIR; };
		652B10852B1A5F4600E96C48 /* SwiftUI_MasterApp.swift */ = {isa = PBXFileReference; lastKnownFileType = sourcecode.swift; path = SwiftUI_MasterApp.swift; sourceTree = "<group>"; };
		652B10872B1A5F4600E96C48 /* ContentView.swift */ = {isa = PBXFileReference; lastKnownFileType = sourcecode.swift; path = ContentView.swift; sourceTree = "<group>"; };
		652B10892B1A5F4900E96C48 /* Assets.xcassets */ = {isa = PBXFileReference; lastKnownFileType = folder.assetcatalog; path = Assets.xcassets; sourceTree = "<group>"; };
		652B108C2B1A5F4900E96C48 /* Preview Assets.xcassets */ = {isa = PBXFileReference; lastKnownFileType = folder.assetcatalog; path = "Preview Assets.xcassets"; sourceTree = "<group>"; };
		652B109B2B1A797100E96C48 /* Constant.swift */ = {isa = PBXFileReference; lastKnownFileType = sourcecode.swift; path = Constant.swift; sourceTree = "<group>"; };
		652B109D2B1A7C6100E96C48 /* TextView.swift */ = {isa = PBXFileReference; lastKnownFileType = sourcecode.swift; path = TextView.swift; sourceTree = "<group>"; };
		652B10A12B1A7D4200E96C48 /* TabViewExample.swift */ = {isa = PBXFileReference; lastKnownFileType = sourcecode.swift; path = TabViewExample.swift; sourceTree = "<group>"; };
		652B10A32B1A7D6900E96C48 /* Tab1.swift */ = {isa = PBXFileReference; lastKnownFileType = sourcecode.swift; path = Tab1.swift; sourceTree = "<group>"; };
		652B10A52B1A7D8000E96C48 /* Tab2.swift */ = {isa = PBXFileReference; lastKnownFileType = sourcecode.swift; path = Tab2.swift; sourceTree = "<group>"; };
		652B10A72B1A7D9A00E96C48 /* Page1.swift */ = {isa = PBXFileReference; lastKnownFileType = sourcecode.swift; path = Page1.swift; sourceTree = "<group>"; };
		652B10A92B1A7DA700E96C48 /* Page2.swift */ = {isa = PBXFileReference; lastKnownFileType = sourcecode.swift; path = Page2.swift; sourceTree = "<group>"; };
		652B10AC2B1A7E2000E96C48 /* TextFieldView.swift */ = {isa = PBXFileReference; lastKnownFileType = sourcecode.swift; path = TextFieldView.swift; sourceTree = "<group>"; };
		652B10AE2B1BA22100E96C48 /* UrlLink.swift */ = {isa = PBXFileReference; lastKnownFileType = sourcecode.swift; path = UrlLink.swift; sourceTree = "<group>"; };
/* End PBXFileReference section */

/* Begin PBXFrameworksBuildPhase section */
		652B107F2B1A5F4600E96C48 /* Frameworks */ = {
			isa = PBXFrameworksBuildPhase;
			buildActionMask = 2147483647;
			files = (
				652B10982B1A64C500E96C48 /* HighlightSwift in Frameworks */,
			);
			runOnlyForDeploymentPostprocessing = 0;
		};
/* End PBXFrameworksBuildPhase section */

/* Begin PBXGroup section */
		652B10792B1A5F4600E96C48 = {
			isa = PBXGroup;
			children = (
				652B10842B1A5F4600E96C48 /* SwiftUI Master */,
				652B10832B1A5F4600E96C48 /* Products */,
			);
			sourceTree = "<group>";
		};
		652B10832B1A5F4600E96C48 /* Products */ = {
			isa = PBXGroup;
			children = (
				652B10822B1A5F4600E96C48 /* SwiftUI Master.app */,
			);
			name = Products;
			sourceTree = "<group>";
		};
		652B10842B1A5F4600E96C48 /* SwiftUI Master */ = {
			isa = PBXGroup;
			children = (
				652B10852B1A5F4600E96C48 /* SwiftUI_MasterApp.swift */,
				652B10872B1A5F4600E96C48 /* ContentView.swift */,
				652B109D2B1A7C6100E96C48 /* TextView.swift */,
				652B10AC2B1A7E2000E96C48 /* TextFieldView.swift */,
				652B10AB2B1A7E0300E96C48 /* TabView */,
				652B109B2B1A797100E96C48 /* Constant.swift */,
				652B10892B1A5F4900E96C48 /* Assets.xcassets */,
				652B108B2B1A5F4900E96C48 /* Preview Content */,
			);
			path = "SwiftUI Master";
			sourceTree = "<group>";
		};
		652B108B2B1A5F4900E96C48 /* Preview Content */ = {
			isa = PBXGroup;
			children = (
				652B108C2B1A5F4900E96C48 /* Preview Assets.xcassets */,
			);
			path = "Preview Content";
			sourceTree = "<group>";
		};
		652B10AB2B1A7E0300E96C48 /* TabView */ = {
			isa = PBXGroup;
			children = (
				652B10A12B1A7D4200E96C48 /* TabViewExample.swift */,
				652B10A32B1A7D6900E96C48 /* Tab1.swift */,
				652B10A52B1A7D8000E96C48 /* Tab2.swift */,
				652B10A72B1A7D9A00E96C48 /* Page1.swift */,
				652B10A92B1A7DA700E96C48 /* Page2.swift */,
				652B10AE2B1BA22100E96C48 /* UrlLink.swift */,
			);
			path = TabView;
			sourceTree = "<group>";
		};
/* End PBXGroup section */

/* Begin PBXNativeTarget section */
		652B10812B1A5F4600E96C48 /* SwiftUI Master */ = {
			isa = PBXNativeTarget;
			buildConfigurationList = 652B10902B1A5F4900E96C48 /* Build configuration list for PBXNativeTarget "SwiftUI Master" */;
			buildPhases = (
				652B107E2B1A5F4600E96C48 /* Sources */,
				652B107F2B1A5F4600E96C48 /* Frameworks */,
				652B10802B1A5F4600E96C48 /* Resources */,
			);
			buildRules = (
			);
			dependencies = (
			);
			name = "SwiftUI Master";
			packageProductDependencies = (
				652B10972B1A64C400E96C48 /* HighlightSwift */,
			);
			productName = "SwiftUI Master";
			productReference = 652B10822B1A5F4600E96C48 /* SwiftUI Master.app */;
			productType = "com.apple.product-type.application";
		};
/* End PBXNativeTarget section */

/* Begin PBXProject section */
		652B107A2B1A5F4600E96C48 /* Project object */ = {
			isa = PBXProject;
			attributes = {
				BuildIndependentTargetsInParallel = 1;
				LastSwiftUpdateCheck = 1500;
				LastUpgradeCheck = 1500;
				TargetAttributes = {
					652B10812B1A5F4600E96C48 = {
						CreatedOnToolsVersion = 15.0;
					};
				};
			};
			buildConfigurationList = 652B107D2B1A5F4600E96C48 /* Build configuration list for PBXProject "SwiftUI Master" */;
			compatibilityVersion = "Xcode 14.0";
			developmentRegion = en;
			hasScannedForEncodings = 0;
			knownRegions = (
				en,
				Base,
			);
			mainGroup = 652B10792B1A5F4600E96C48;
			packageReferences = (
				652B10962B1A64C400E96C48 /* XCRemoteSwiftPackageReference "HighlightSwift" */,
			);
			productRefGroup = 652B10832B1A5F4600E96C48 /* Products */;
			projectDirPath = "";
			projectRoot = "";
			targets = (
				652B10812B1A5F4600E96C48 /* SwiftUI Master */,
			);
		};
/* End PBXProject section */

/* Begin PBXResourcesBuildPhase section */
		652B10802B1A5F4600E96C48 /* Resources */ = {
			isa = PBXResourcesBuildPhase;
			buildActionMask = 2147483647;
			files = (
				652B108D2B1A5F4900E96C48 /* Preview Assets.xcassets in Resources */,
				652B108A2B1A5F4900E96C48 /* Assets.xcassets in Resources */,
			);
			runOnlyForDeploymentPostprocessing = 0;
		};
/* End PBXResourcesBuildPhase section */

/* Begin PBXSourcesBuildPhase section */
		652B107E2B1A5F4600E96C48 /* Sources */ = {
			isa = PBXSourcesBuildPhase;
			buildActionMask = 2147483647;
			files = (
				652B10882B1A5F4600E96C48 /* ContentView.swift in Sources */,
				652B109E2B1A7C6100E96C48 /* TextView.swift in Sources */,
				652B10AF2B1BA22100E96C48 /* UrlLink.swift in Sources */,
				652B10862B1A5F4600E96C48 /* SwiftUI_MasterApp.swift in Sources */,
				652B109C2B1A797100E96C48 /* Constant.swift in Sources */,
				652B10A82B1A7D9A00E96C48 /* Page1.swift in Sources */,
				652B10A22B1A7D4200E96C48 /* TabViewExample.swift in Sources */,
				652B10AD2B1A7E2000E96C48 /* TextFieldView.swift in Sources */,
				652B10A42B1A7D6900E96C48 /* Tab1.swift in Sources */,
				652B10A62B1A7D8000E96C48 /* Tab2.swift in Sources */,
				652B10AA2B1A7DA700E96C48 /* Page2.swift in Sources */,
			);
			runOnlyForDeploymentPostprocessing = 0;
		};
/* End PBXSourcesBuildPhase section */

/* Begin XCBuildConfiguration section */
		652B108E2B1A5F4900E96C48 /* Debug */ = {
			isa = XCBuildConfiguration;
			buildSettings = {
				ALWAYS_SEARCH_USER_PATHS = NO;
				ASSETCATALOG_COMPILER_GENERATE_SWIFT_ASSET_SYMBOL_EXTENSIONS = YES;
				CLANG_ANALYZER_NONNULL = YES;
				CLANG_ANALYZER_NUMBER_OBJECT_CONVERSION = YES_AGGRESSIVE;
				CLANG_CXX_LANGUAGE_STANDARD = "gnu++20";
				CLANG_ENABLE_MODULES = YES;
				CLANG_ENABLE_OBJC_ARC = YES;
				CLANG_ENABLE_OBJC_WEAK = YES;
				CLANG_WARN_BLOCK_CAPTURE_AUTORELEASING = YES;
				CLANG_WARN_BOOL_CONVERSION = YES;
				CLANG_WARN_COMMA = YES;
				CLANG_WARN_CONSTANT_CONVERSION = YES;
				CLANG_WARN_DEPRECATED_OBJC_IMPLEMENTATIONS = YES;
				CLANG_WARN_DIRECT_OBJC_ISA_USAGE = YES_ERROR;
				CLANG_WARN_DOCUMENTATION_COMMENTS = YES;
				CLANG_WARN_EMPTY_BODY = YES;
				CLANG_WARN_ENUM_CONVERSION = YES;
				CLANG_WARN_INFINITE_RECURSION = YES;
				CLANG_WARN_INT_CONVERSION = YES;
				CLANG_WARN_NON_LITERAL_NULL_CONVERSION = YES;
				CLANG_WARN_OBJC_IMPLICIT_RETAIN_SELF = YES;
				CLANG_WARN_OBJC_LITERAL_CONVERSION = YES;
				CLANG_WARN_OBJC_ROOT_CLASS = YES_ERROR;
				CLANG_WARN_QUOTED_INCLUDE_IN_FRAMEWORK_HEADER = YES;
				CLANG_WARN_RANGE_LOOP_ANALYSIS = YES;
				CLANG_WARN_STRICT_PROTOTYPES = YES;
				CLANG_WARN_SUSPICIOUS_MOVE = YES;
				CLANG_WARN_UNGUARDED_AVAILABILITY = YES_AGGRESSIVE;
				CLANG_WARN_UNREACHABLE_CODE = YES;
				CLANG_WARN__DUPLICATE_METHOD_MATCH = YES;
				COPY_PHASE_STRIP = NO;
				DEBUG_INFORMATION_FORMAT = dwarf;
				ENABLE_STRICT_OBJC_MSGSEND = YES;
				ENABLE_TESTABILITY = YES;
				ENABLE_USER_SCRIPT_SANDBOXING = YES;
				GCC_C_LANGUAGE_STANDARD = gnu17;
				GCC_DYNAMIC_NO_PIC = NO;
				GCC_NO_COMMON_BLOCKS = YES;
				GCC_OPTIMIZATION_LEVEL = 0;
				GCC_PREPROCESSOR_DEFINITIONS = (
					"DEBUG=1",
					"$(inherited)",
				);
				GCC_WARN_64_TO_32_BIT_CONVERSION = YES;
				GCC_WARN_ABOUT_RETURN_TYPE = YES_ERROR;
				GCC_WARN_UNDECLARED_SELECTOR = YES;
				GCC_WARN_UNINITIALIZED_AUTOS = YES_AGGRESSIVE;
				GCC_WARN_UNUSED_FUNCTION = YES;
				GCC_WARN_UNUSED_VARIABLE = YES;
				IPHONEOS_DEPLOYMENT_TARGET = 17.0;
				LOCALIZATION_PREFERS_STRING_CATALOGS = YES;
				MTL_ENABLE_DEBUG_INFO = INCLUDE_SOURCE;
				MTL_FAST_MATH = YES;
				ONLY_ACTIVE_ARCH = YES;
				SDKROOT = iphoneos;
				SWIFT_ACTIVE_COMPILATION_CONDITIONS = "DEBUG $(inherited)";
				SWIFT_OPTIMIZATION_LEVEL = "-Onone";
			};
			name = Debug;
		};
		652B108F2B1A5F4900E96C48 /* Release */ = {
			isa = XCBuildConfiguration;
			buildSettings = {
				ALWAYS_SEARCH_USER_PATHS = NO;
				ASSETCATALOG_COMPILER_GENERATE_SWIFT_ASSET_SYMBOL_EXTENSIONS = YES;
				CLANG_ANALYZER_NONNULL = YES;
				CLANG_ANALYZER_NUMBER_OBJECT_CONVERSION = YES_AGGRESSIVE;
				CLANG_CXX_LANGUAGE_STANDARD = "gnu++20";
				CLANG_ENABLE_MODULES = YES;
				CLANG_ENABLE_OBJC_ARC = YES;
				CLANG_ENABLE_OBJC_WEAK = YES;
				CLANG_WARN_BLOCK_CAPTURE_AUTORELEASING = YES;
				CLANG_WARN_BOOL_CONVERSION = YES;
				CLANG_WARN_COMMA = YES;
				CLANG_WARN_CONSTANT_CONVERSION = YES;
				CLANG_WARN_DEPRECATED_OBJC_IMPLEMENTATIONS = YES;
				CLANG_WARN_DIRECT_OBJC_ISA_USAGE = YES_ERROR;
				CLANG_WARN_DOCUMENTATION_COMMENTS = YES;
				CLANG_WARN_EMPTY_BODY = YES;
				CLANG_WARN_ENUM_CONVERSION = YES;
				CLANG_WARN_INFINITE_RECURSION = YES;
				CLANG_WARN_INT_CONVERSION = YES;
				CLANG_WARN_NON_LITERAL_NULL_CONVERSION = YES;
				CLANG_WARN_OBJC_IMPLICIT_RETAIN_SELF = YES;
				CLANG_WARN_OBJC_LITERAL_CONVERSION = YES;
				CLANG_WARN_OBJC_ROOT_CLASS = YES_ERROR;
				CLANG_WARN_QUOTED_INCLUDE_IN_FRAMEWORK_HEADER = YES;
				CLANG_WARN_RANGE_LOOP_ANALYSIS = YES;
				CLANG_WARN_STRICT_PROTOTYPES = YES;
				CLANG_WARN_SUSPICIOUS_MOVE = YES;
				CLANG_WARN_UNGUARDED_AVAILABILITY = YES_AGGRESSIVE;
				CLANG_WARN_UNREACHABLE_CODE = YES;
				CLANG_WARN__DUPLICATE_METHOD_MATCH = YES;
				COPY_PHASE_STRIP = NO;
				DEBUG_INFORMATION_FORMAT = "dwarf-with-dsym";
				ENABLE_NS_ASSERTIONS = NO;
				ENABLE_STRICT_OBJC_MSGSEND = YES;
				ENABLE_USER_SCRIPT_SANDBOXING = YES;
				GCC_C_LANGUAGE_STANDARD = gnu17;
				GCC_NO_COMMON_BLOCKS = YES;
				GCC_WARN_64_TO_32_BIT_CONVERSION = YES;
				GCC_WARN_ABOUT_RETURN_TYPE = YES_ERROR;
				GCC_WARN_UNDECLARED_SELECTOR = YES;
				GCC_WARN_UNINITIALIZED_AUTOS = YES_AGGRESSIVE;
				GCC_WARN_UNUSED_FUNCTION = YES;
				GCC_WARN_UNUSED_VARIABLE = YES;
				IPHONEOS_DEPLOYMENT_TARGET = 17.0;
				LOCALIZATION_PREFERS_STRING_CATALOGS = YES;
				MTL_ENABLE_DEBUG_INFO = NO;
				MTL_FAST_MATH = YES;
				SDKROOT = iphoneos;
				SWIFT_COMPILATION_MODE = wholemodule;
				VALIDATE_PRODUCT = YES;
			};
			name = Release;
		};
		652B10912B1A5F4900E96C48 /* Debug */ = {
			isa = XCBuildConfiguration;
			buildSettings = {
				ASSETCATALOG_COMPILER_APPICON_NAME = AppIcon;
				ASSETCATALOG_COMPILER_GLOBAL_ACCENT_COLOR_NAME = AccentColor;
				CODE_SIGN_STYLE = Automatic;
				CURRENT_PROJECT_VERSION = 1;
				DEVELOPMENT_ASSET_PATHS = "\"SwiftUI Master/Preview Content\"";
				DEVELOPMENT_TEAM = Y9XJT8FRMC;
				ENABLE_PREVIEWS = YES;
				GENERATE_INFOPLIST_FILE = YES;
				INFOPLIST_KEY_UIApplicationSceneManifest_Generation = YES;
				INFOPLIST_KEY_UIApplicationSupportsIndirectInputEvents = YES;
				INFOPLIST_KEY_UILaunchScreen_Generation = YES;
				INFOPLIST_KEY_UISupportedInterfaceOrientations_iPad = "UIInterfaceOrientationPortrait UIInterfaceOrientationPortraitUpsideDown UIInterfaceOrientationLandscapeLeft UIInterfaceOrientationLandscapeRight";
				INFOPLIST_KEY_UISupportedInterfaceOrientations_iPhone = "UIInterfaceOrientationPortrait UIInterfaceOrientationLandscapeLeft UIInterfaceOrientationLandscapeRight";
				INFOPLIST_KEY_UIUserInterfaceStyle = Dark;
				LD_RUNPATH_SEARCH_PATHS = (
					"$(inherited)",
					"@executable_path/Frameworks",
				);
				MARKETING_VERSION = 1.0;
				PRODUCT_BUNDLE_IDENTIFIER = "com.furkancingoz.SwiftUI-Master";
				PRODUCT_NAME = "$(TARGET_NAME)";
				SWIFT_EMIT_LOC_STRINGS = YES;
				SWIFT_VERSION = 5.0;
				TARGETED_DEVICE_FAMILY = "1,2";
			};
			name = Debug;
		};
		652B10922B1A5F4900E96C48 /* Release */ = {
			isa = XCBuildConfiguration;
			buildSettings = {
				ASSETCATALOG_COMPILER_APPICON_NAME = AppIcon;
				ASSETCATALOG_COMPILER_GLOBAL_ACCENT_COLOR_NAME = AccentColor;
				CODE_SIGN_STYLE = Automatic;
				CURRENT_PROJECT_VERSION = 1;
				DEVELOPMENT_ASSET_PATHS = "\"SwiftUI Master/Preview Content\"";
				DEVELOPMENT_TEAM = Y9XJT8FRMC;
				ENABLE_PREVIEWS = YES;
				GENERATE_INFOPLIST_FILE = YES;
				INFOPLIST_KEY_UIApplicationSceneManifest_Generation = YES;
				INFOPLIST_KEY_UIApplicationSupportsIndirectInputEvents = YES;
				INFOPLIST_KEY_UILaunchScreen_Generation = YES;
				INFOPLIST_KEY_UISupportedInterfaceOrientations_iPad = "UIInterfaceOrientationPortrait UIInterfaceOrientationPortraitUpsideDown UIInterfaceOrientationLandscapeLeft UIInterfaceOrientationLandscapeRight";
				INFOPLIST_KEY_UISupportedInterfaceOrientations_iPhone = "UIInterfaceOrientationPortrait UIInterfaceOrientationLandscapeLeft UIInterfaceOrientationLandscapeRight";
				INFOPLIST_KEY_UIUserInterfaceStyle = Dark;
				LD_RUNPATH_SEARCH_PATHS = (
					"$(inherited)",
					"@executable_path/Frameworks",
				);
				MARKETING_VERSION = 1.0;
				PRODUCT_BUNDLE_IDENTIFIER = "com.furkancingoz.SwiftUI-Master";
				PRODUCT_NAME = "$(TARGET_NAME)";
				SWIFT_EMIT_LOC_STRINGS = YES;
				SWIFT_VERSION = 5.0;
				TARGETED_DEVICE_FAMILY = "1,2";
			};
			name = Release;
		};
/* End XCBuildConfiguration section */

/* Begin XCConfigurationList section */
		652B107D2B1A5F4600E96C48 /* Build configuration list for PBXProject "SwiftUI Master" */ = {
			isa = XCConfigurationList;
			buildConfigurations = (
				652B108E2B1A5F4900E96C48 /* Debug */,
				652B108F2B1A5F4900E96C48 /* Release */,
			);
			defaultConfigurationIsVisible = 0;
			defaultConfigurationName = Release;
		};
		652B10902B1A5F4900E96C48 /* Build configuration list for PBXNativeTarget "SwiftUI Master" */ = {
			isa = XCConfigurationList;
			buildConfigurations = (
				652B10912B1A5F4900E96C48 /* Debug */,
				652B10922B1A5F4900E96C48 /* Release */,
			);
			defaultConfigurationIsVisible = 0;
			defaultConfigurationName = Release;
		};
/* End XCConfigurationList section */

/* Begin XCRemoteSwiftPackageReference section */
		652B10962B1A64C400E96C48 /* XCRemoteSwiftPackageReference "HighlightSwift" */ = {
			isa = XCRemoteSwiftPackageReference;
			repositoryURL = "https://github.com/appstefan/HighlightSwift";
			requirement = {
				kind = exactVersion;
				version = 1.0.6;
			};
		};
/* End XCRemoteSwiftPackageReference section */

/* Begin XCSwiftPackageProductDependency section */
		652B10972B1A64C400E96C48 /* HighlightSwift */ = {
			isa = XCSwiftPackageProductDependency;
			package = 652B10962B1A64C400E96C48 /* XCRemoteSwiftPackageReference "HighlightSwift" */;
			productName = HighlightSwift;
		};
/* End XCSwiftPackageProductDependency section */
	};
	rootObject = 652B107A2B1A5F4600E96C48 /* Project object */;
}
